// !$*UTF8*$!
{
	archiveVersion = 1;
	classes = {
	};
	objectVersion = 46;
	objects = {

/* Begin PBXBuildFile section */
		0B1D03D94B0E9F78F35F2B2D /* libPods-Test_weather.a in Frameworks */ = {isa = PBXBuildFile; fileRef = F057FD351531B105DA9C58F5 /* libPods-Test_weather.a */; };
		31144AA31ED31E1300508F83 /* main.m in Sources */ = {isa = PBXBuildFile; fileRef = 31144AA21ED31E1300508F83 /* main.m */; };
		31144AA61ED31E1300508F83 /* AppDelegate.m in Sources */ = {isa = PBXBuildFile; fileRef = 31144AA51ED31E1300508F83 /* AppDelegate.m */; };
		31144AA91ED31E1300508F83 /* ViewController.m in Sources */ = {isa = PBXBuildFile; fileRef = 31144AA81ED31E1300508F83 /* ViewController.m */; };
		31144AAC1ED31E1300508F83 /* Main.storyboard in Resources */ = {isa = PBXBuildFile; fileRef = 31144AAA1ED31E1300508F83 /* Main.storyboard */; };
		31144AAF1ED31E1300508F83 /* Test_weather.xcdatamodeld in Sources */ = {isa = PBXBuildFile; fileRef = 31144AAD1ED31E1300508F83 /* Test_weather.xcdatamodeld */; };
		31144AB11ED31E1300508F83 /* Assets.xcassets in Resources */ = {isa = PBXBuildFile; fileRef = 31144AB01ED31E1300508F83 /* Assets.xcassets */; };
		31144AB41ED31E1300508F83 /* LaunchScreen.storyboard in Resources */ = {isa = PBXBuildFile; fileRef = 31144AB21ED31E1300508F83 /* LaunchScreen.storyboard */; };
		31FBA3D81ED40480003F6CCD /* PersistenceController.m in Sources */ = {isa = PBXBuildFile; fileRef = 31FBA3D71ED40480003F6CCD /* PersistenceController.m */; };
		31FBA3E01ED40E38003F6CCD /* CityForecast+CoreDataProperties.m in Sources */ = {isa = PBXBuildFile; fileRef = 31FBA3DE1ED40E38003F6CCD /* CityForecast+CoreDataProperties.m */; };
/* End PBXBuildFile section */

/* Begin PBXFileReference section */
		31144A9E1ED31E1300508F83 /* Test_weather.app */ = {isa = PBXFileReference; explicitFileType = wrapper.application; includeInIndex = 0; path = Test_weather.app; sourceTree = BUILT_PRODUCTS_DIR; };
		31144AA21ED31E1300508F83 /* main.m */ = {isa = PBXFileReference; lastKnownFileType = sourcecode.c.objc; path = main.m; sourceTree = "<group>"; };
		31144AA41ED31E1300508F83 /* AppDelegate.h */ = {isa = PBXFileReference; lastKnownFileType = sourcecode.c.h; path = AppDelegate.h; sourceTree = "<group>"; };
		31144AA51ED31E1300508F83 /* AppDelegate.m */ = {isa = PBXFileReference; lastKnownFileType = sourcecode.c.objc; path = AppDelegate.m; sourceTree = "<group>"; };
		31144AA71ED31E1300508F83 /* ViewController.h */ = {isa = PBXFileReference; lastKnownFileType = sourcecode.c.h; path = ViewController.h; sourceTree = "<group>"; };
		31144AA81ED31E1300508F83 /* ViewController.m */ = {isa = PBXFileReference; lastKnownFileType = sourcecode.c.objc; path = ViewController.m; sourceTree = "<group>"; };
		31144AAB1ED31E1300508F83 /* Base */ = {isa = PBXFileReference; lastKnownFileType = file.storyboard; name = Base; path = Base.lproj/Main.storyboard; sourceTree = "<group>"; };
		31144AAE1ED31E1300508F83 /* Test_weather.xcdatamodel */ = {isa = PBXFileReference; lastKnownFileType = wrapper.xcdatamodel; path = Test_weather.xcdatamodel; sourceTree = "<group>"; };
		31144AB01ED31E1300508F83 /* Assets.xcassets */ = {isa = PBXFileReference; lastKnownFileType = folder.assetcatalog; path = Assets.xcassets; sourceTree = "<group>"; };
		31144AB31ED31E1300508F83 /* Base */ = {isa = PBXFileReference; lastKnownFileType = file.storyboard; name = Base; path = Base.lproj/LaunchScreen.storyboard; sourceTree = "<group>"; };
		31144AB51ED31E1300508F83 /* Info.plist */ = {isa = PBXFileReference; lastKnownFileType = text.plist.xml; path = Info.plist; sourceTree = "<group>"; };
		31FBA3D61ED40480003F6CCD /* PersistenceController.h */ = {isa = PBXFileReference; fileEncoding = 4; lastKnownFileType = sourcecode.c.h; name = PersistenceController.h; path = "Persistance Controller/PersistenceController.h"; sourceTree = "<group>"; };
		31FBA3D71ED40480003F6CCD /* PersistenceController.m */ = {isa = PBXFileReference; fileEncoding = 4; lastKnownFileType = sourcecode.c.objc; name = PersistenceController.m; path = "Persistance Controller/PersistenceController.m"; sourceTree = "<group>"; };
		31FBA3D91ED4069D003F6CCD /* PrefixHeader.pch */ = {isa = PBXFileReference; lastKnownFileType = sourcecode.c.h; path = PrefixHeader.pch; sourceTree = "<group>"; };
		31FBA3DB1ED40E38003F6CCD /* CityForecast+CoreDataClass.h */ = {isa = PBXFileReference; fileEncoding = 4; lastKnownFileType = sourcecode.c.h; path = "CityForecast+CoreDataClass.h"; sourceTree = "<group>"; };
		31FBA3DC1ED40E38003F6CCD /* CityForecast+CoreDataClass.m */ = {isa = PBXFileReference; fileEncoding = 4; lastKnownFileType = sourcecode.c.objc; path = "CityForecast+CoreDataClass.m"; sourceTree = "<group>"; };
		31FBA3DD1ED40E38003F6CCD /* CityForecast+CoreDataProperties.h */ = {isa = PBXFileReference; fileEncoding = 4; lastKnownFileType = sourcecode.c.h; path = "CityForecast+CoreDataProperties.h"; sourceTree = "<group>"; };
		31FBA3DE1ED40E38003F6CCD /* CityForecast+CoreDataProperties.m */ = {isa = PBXFileReference; fileEncoding = 4; lastKnownFileType = sourcecode.c.objc; path = "CityForecast+CoreDataProperties.m"; sourceTree = "<group>"; };
		31FBA3E11ED41101003F6CCD /* Constants.h */ = {isa = PBXFileReference; lastKnownFileType = sourcecode.c.h; path = Constants.h; sourceTree = "<group>"; };
		36D62551C4CB08BF3E1EA053 /* Pods-Test_weather.release.xcconfig */ = {isa = PBXFileReference; includeInIndex = 1; lastKnownFileType = text.xcconfig; name = "Pods-Test_weather.release.xcconfig"; path = "Pods/Target Support Files/Pods-Test_weather/Pods-Test_weather.release.xcconfig"; sourceTree = "<group>"; };
		5D49A56C318F973C43E5D93D /* Pods-Test_weather.debug.xcconfig */ = {isa = PBXFileReference; includeInIndex = 1; lastKnownFileType = text.xcconfig; name = "Pods-Test_weather.debug.xcconfig"; path = "Pods/Target Support Files/Pods-Test_weather/Pods-Test_weather.debug.xcconfig"; sourceTree = "<group>"; };
		F057FD351531B105DA9C58F5 /* libPods-Test_weather.a */ = {isa = PBXFileReference; explicitFileType = archive.ar; includeInIndex = 0; path = "libPods-Test_weather.a"; sourceTree = BUILT_PRODUCTS_DIR; };
/* End PBXFileReference section */

/* Begin PBXFrameworksBuildPhase section */
		31144A9B1ED31E1300508F83 /* Frameworks */ = {
			isa = PBXFrameworksBuildPhase;
			buildActionMask = 2147483647;
			files = (
				0B1D03D94B0E9F78F35F2B2D /* libPods-Test_weather.a in Frameworks */,
			);
			runOnlyForDeploymentPostprocessing = 0;
		};
/* End PBXFrameworksBuildPhase section */

/* Begin PBXGroup section */
		31144A951ED31E1300508F83 = {
			isa = PBXGroup;
			children = (
				31144AA01ED31E1300508F83 /* Test_weather */,
				31144A9F1ED31E1300508F83 /* Products */,
				571F917EDA054473A917C4DE /* Pods */,
				4DD48DFAC4F633731F18E4F2 /* Frameworks */,
			);
			sourceTree = "<group>";
		};
		31144A9F1ED31E1300508F83 /* Products */ = {
			isa = PBXGroup;
			children = (
				31144A9E1ED31E1300508F83 /* Test_weather.app */,
			);
			name = Products;
			sourceTree = "<group>";
		};
		31144AA01ED31E1300508F83 /* Test_weather */ = {
			isa = PBXGroup;
			children = (
				31FBA3D21ED40409003F6CCD /* Persistence Controller */,
				31144AA41ED31E1300508F83 /* AppDelegate.h */,
				31144AA51ED31E1300508F83 /* AppDelegate.m */,
				31144AA71ED31E1300508F83 /* ViewController.h */,
				31144AAA1ED31E1300508F83 /* Main.storyboard */,
				31144AA81ED31E1300508F83 /* ViewController.m */,
				31144AB01ED31E1300508F83 /* Assets.xcassets */,
				31144AB21ED31E1300508F83 /* LaunchScreen.storyboard */,
				31144AB51ED31E1300508F83 /* Info.plist */,
				31144AAD1ED31E1300508F83 /* Test_weather.xcdatamodeld */,
				31144AA11ED31E1300508F83 /* Supporting Files */,
			);
			path = Test_weather;
			sourceTree = "<group>";
		};
		31144AA11ED31E1300508F83 /* Supporting Files */ = {
			isa = PBXGroup;
			children = (
				31144AA21ED31E1300508F83 /* main.m */,
				31FBA3D91ED4069D003F6CCD /* PrefixHeader.pch */,
				31FBA3E11ED41101003F6CCD /* Constants.h */,
			);
			name = "Supporting Files";
			sourceTree = "<group>";
		};
		31FBA3D21ED40409003F6CCD /* Persistence Controller */ = {
			isa = PBXGroup;
			children = (
				31FBA3DA1ED40DDE003F6CCD /* CD Model */,
				31FBA3D61ED40480003F6CCD /* PersistenceController.h */,
				31FBA3D71ED40480003F6CCD /* PersistenceController.m */,
			);
			name = "Persistence Controller";
			sourceTree = "<group>";
		};
		31FBA3DA1ED40DDE003F6CCD /* CD Model */ = {
			isa = PBXGroup;
			children = (
				31FBA3DB1ED40E38003F6CCD /* CityForecast+CoreDataClass.h */,
				31FBA3DC1ED40E38003F6CCD /* CityForecast+CoreDataClass.m */,
				31FBA3DD1ED40E38003F6CCD /* CityForecast+CoreDataProperties.h */,
				31FBA3DE1ED40E38003F6CCD /* CityForecast+CoreDataProperties.m */,
			);
			name = "CD Model";
			sourceTree = "<group>";
		};
		4DD48DFAC4F633731F18E4F2 /* Frameworks */ = {
			isa = PBXGroup;
			children = (
				F057FD351531B105DA9C58F5 /* libPods-Test_weather.a */,
			);
			name = Frameworks;
			sourceTree = "<group>";
		};
		571F917EDA054473A917C4DE /* Pods */ = {
			isa = PBXGroup;
			children = (
				5D49A56C318F973C43E5D93D /* Pods-Test_weather.debug.xcconfig */,
				36D62551C4CB08BF3E1EA053 /* Pods-Test_weather.release.xcconfig */,
			);
			name = Pods;
			sourceTree = "<group>";
		};
/* End PBXGroup section */

/* Begin PBXNativeTarget section */
		31144A9D1ED31E1300508F83 /* Test_weather */ = {
			isa = PBXNativeTarget;
			buildConfigurationList = 31144AB81ED31E1300508F83 /* Build configuration list for PBXNativeTarget "Test_weather" */;
			buildPhases = (
				84E8D18DCEF0295AF720D7BA /* [CP] Check Pods Manifest.lock */,
				31144A9A1ED31E1300508F83 /* Sources */,
				31144A9B1ED31E1300508F83 /* Frameworks */,
				31144A9C1ED31E1300508F83 /* Resources */,
				F6D2CB7D2470BBE79E77FC27 /* [CP] Embed Pods Frameworks */,
				21350C193C49D7D8E8A4E7AA /* [CP] Copy Pods Resources */,
			);
			buildRules = (
			);
			dependencies = (
			);
			name = Test_weather;
			productName = Test_weather;
			productReference = 31144A9E1ED31E1300508F83 /* Test_weather.app */;
			productType = "com.apple.product-type.application";
		};
/* End PBXNativeTarget section */

/* Begin PBXProject section */
		31144A961ED31E1300508F83 /* Project object */ = {
			isa = PBXProject;
			attributes = {
				LastUpgradeCheck = 0830;
				ORGANIZATIONNAME = "Aleksandr Martynov";
				TargetAttributes = {
					31144A9D1ED31E1300508F83 = {
						CreatedOnToolsVersion = 8.3.1;
						ProvisioningStyle = Automatic;
					};
				};
			};
			buildConfigurationList = 31144A991ED31E1300508F83 /* Build configuration list for PBXProject "Test_weather" */;
			compatibilityVersion = "Xcode 3.2";
			developmentRegion = English;
			hasScannedForEncodings = 0;
			knownRegions = (
				en,
				Base,
			);
			mainGroup = 31144A951ED31E1300508F83;
			productRefGroup = 31144A9F1ED31E1300508F83 /* Products */;
			projectDirPath = "";
			projectRoot = "";
			targets = (
				31144A9D1ED31E1300508F83 /* Test_weather */,
			);
		};
/* End PBXProject section */

/* Begin PBXResourcesBuildPhase section */
		31144A9C1ED31E1300508F83 /* Resources */ = {
			isa = PBXResourcesBuildPhase;
			buildActionMask = 2147483647;
			files = (
				31144AB41ED31E1300508F83 /* LaunchScreen.storyboard in Resources */,
				31144AB11ED31E1300508F83 /* Assets.xcassets in Resources */,
				31144AAC1ED31E1300508F83 /* Main.storyboard in Resources */,
			);
			runOnlyForDeploymentPostprocessing = 0;
		};
/* End PBXResourcesBuildPhase section */

/* Begin PBXShellScriptBuildPhase section */
		21350C193C49D7D8E8A4E7AA /* [CP] Copy Pods Resources */ = {
			isa = PBXShellScriptBuildPhase;
			buildActionMask = 2147483647;
			files = (
			);
			inputPaths = (
			);
			name = "[CP] Copy Pods Resources";
			outputPaths = (
			);
			runOnlyForDeploymentPostprocessing = 0;
			shellPath = /bin/sh;
			shellScript = "\"${SRCROOT}/Pods/Target Support Files/Pods-Test_weather/Pods-Test_weather-resources.sh\"\n";
			showEnvVarsInLog = 0;
		};
		84E8D18DCEF0295AF720D7BA /* [CP] Check Pods Manifest.lock */ = {
			isa = PBXShellScriptBuildPhase;
			buildActionMask = 2147483647;
			files = (
			);
			inputPaths = (
			);
			name = "[CP] Check Pods Manifest.lock";
			outputPaths = (
			);
			runOnlyForDeploymentPostprocessing = 0;
			shellPath = /bin/sh;
			shellScript = "diff \"${PODS_PODFILE_DIR_PATH}/Podfile.lock\" \"${PODS_ROOT}/Manifest.lock\" > /dev/null\nif [ $? != 0 ] ; then\n    # print error to STDERR\n    echo \"error: The sandbox is not in sync with the Podfile.lock. Run 'pod install' or update your CocoaPods installation.\" >&2\n    exit 1\nfi\n";
			showEnvVarsInLog = 0;
		};
		F6D2CB7D2470BBE79E77FC27 /* [CP] Embed Pods Frameworks */ = {
			isa = PBXShellScriptBuildPhase;
			buildActionMask = 2147483647;
			files = (
			);
			inputPaths = (
			);
			name = "[CP] Embed Pods Frameworks";
			outputPaths = (
			);
			runOnlyForDeploymentPostprocessing = 0;
			shellPath = /bin/sh;
			shellScript = "\"${SRCROOT}/Pods/Target Support Files/Pods-Test_weather/Pods-Test_weather-frameworks.sh\"\n";
			showEnvVarsInLog = 0;
		};
/* End PBXShellScriptBuildPhase section */

/* Begin PBXSourcesBuildPhase section */
		31144A9A1ED31E1300508F83 /* Sources */ = {
			isa = PBXSourcesBuildPhase;
			buildActionMask = 2147483647;
			files = (
				31144AAF1ED31E1300508F83 /* Test_weather.xcdatamodeld in Sources */,
				31144AA91ED31E1300508F83 /* ViewController.m in Sources */,
				31144AA61ED31E1300508F83 /* AppDelegate.m in Sources */,
				31FBA3E01ED40E38003F6CCD /* CityForecast+CoreDataProperties.m in Sources */,
				31FBA3D81ED40480003F6CCD /* PersistenceController.m in Sources */,
				31144AA31ED31E1300508F83 /* main.m in Sources */,
			);
			runOnlyForDeploymentPostprocessing = 0;
		};
/* End PBXSourcesBuildPhase section */

/* Begin PBXVariantGroup section */
		31144AAA1ED31E1300508F83 /* Main.storyboard */ = {
			isa = PBXVariantGroup;
			children = (
				31144AAB1ED31E1300508F83 /* Base */,
			);
			name = Main.storyboard;
			sourceTree = "<group>";
		};
		31144AB21ED31E1300508F83 /* LaunchScreen.storyboard */ = {
			isa = PBXVariantGroup;
			children = (
				31144AB31ED31E1300508F83 /* Base */,
			);
			name = LaunchScreen.storyboard;
			sourceTree = "<group>";
		};
/* End PBXVariantGroup section */

/* Begin XCBuildConfiguration section */
		31144AB61ED31E1300508F83 /* Debug */ = {
			isa = XCBuildConfiguration;
			buildSettings = {
				ALWAYS_SEARCH_USER_PATHS = NO;
				CLANG_ANALYZER_NONNULL = YES;
				CLANG_ANALYZER_NUMBER_OBJECT_CONVERSION = YES_AGGRESSIVE;
				CLANG_CXX_LANGUAGE_STANDARD = "gnu++0x";
				CLANG_CXX_LIBRARY = "libc++";
				CLANG_ENABLE_MODULES = YES;
				CLANG_ENABLE_OBJC_ARC = YES;
				CLANG_WARN_BOOL_CONVERSION = YES;
				CLANG_WARN_CONSTANT_CONVERSION = YES;
				CLANG_WARN_DIRECT_OBJC_ISA_USAGE = YES_ERROR;
				CLANG_WARN_DOCUMENTATION_COMMENTS = YES;
				CLANG_WARN_EMPTY_BODY = YES;
				CLANG_WARN_ENUM_CONVERSION = YES;
				CLANG_WARN_INFINITE_RECURSION = YES;
				CLANG_WARN_INT_CONVERSION = YES;
				CLANG_WARN_OBJC_ROOT_CLASS = YES_ERROR;
				CLANG_WARN_SUSPICIOUS_MOVE = YES;
				CLANG_WARN_UNREACHABLE_CODE = YES;
				CLANG_WARN__DUPLICATE_METHOD_MATCH = YES;
				"CODE_SIGN_IDENTITY[sdk=iphoneos*]" = "iPhone Developer";
				COPY_PHASE_STRIP = NO;
				DEBUG_INFORMATION_FORMAT = dwarf;
				ENABLE_STRICT_OBJC_MSGSEND = YES;
				ENABLE_TESTABILITY = YES;
				GCC_C_LANGUAGE_STANDARD = gnu99;
				GCC_DYNAMIC_NO_PIC = NO;
				GCC_NO_COMMON_BLOCKS = YES;
				GCC_OPTIMIZATION_LEVEL = 0;
				GCC_PREPROCESSOR_DEFINITIONS = (
					"DEBUG=1",
					"$(inherited)",
				);
				GCC_WARN_64_TO_32_BIT_CONVERSION = YES;
				GCC_WARN_ABOUT_RETURN_TYPE = YES_ERROR;
				GCC_WARN_UNDECLARED_SELECTOR = YES;
				GCC_WARN_UNINITIALIZED_AUTOS = YES_AGGRESSIVE;
				GCC_WARN_UNUSED_FUNCTION = YES;
				GCC_WARN_UNUSED_VARIABLE = YES;
				IPHONEOS_DEPLOYMENT_TARGET = 10.3;
				MTL_ENABLE_DEBUG_INFO = YES;
				ONLY_ACTIVE_ARCH = YES;
				SDKROOT = iphoneos;
				TARGETED_DEVICE_FAMILY = "1,2";
			};
			name = Debug;
		};
		31144AB71ED31E1300508F83 /* Release */ = {
			isa = XCBuildConfiguration;
			buildSettings = {
				ALWAYS_SEARCH_USER_PATHS = NO;
				CLANG_ANALYZER_NONNULL = YES;
				CLANG_ANALYZER_NUMBER_OBJECT_CONVERSION = YES_AGGRESSIVE;
				CLANG_CXX_LANGUAGE_STANDARD = "gnu++0x";
				CLANG_CXX_LIBRARY = "libc++";
				CLANG_ENABLE_MODULES = YES;
				CLANG_ENABLE_OBJC_ARC = YES;
				CLANG_WARN_BOOL_CONVERSION = YES;
				CLANG_WARN_CONSTANT_CONVERSION = YES;
				CLANG_WARN_DIRECT_OBJC_ISA_USAGE = YES_ERROR;
				CLANG_WARN_DOCUMENTATION_COMMENTS = YES;
				CLANG_WARN_EMPTY_BODY = YES;
				CLANG_WARN_ENUM_CONVERSION = YES;
				CLANG_WARN_INFINITE_RECURSION = YES;
				CLANG_WARN_INT_CONVERSION = YES;
				CLANG_WARN_OBJC_ROOT_CLASS = YES_ERROR;
				CLANG_WARN_SUSPICIOUS_MOVE = YES;
				CLANG_WARN_UNREACHABLE_CODE = YES;
				CLANG_WARN__DUPLICATE_METHOD_MATCH = YES;
				"CODE_SIGN_IDENTITY[sdk=iphoneos*]" = "iPhone Developer";
				COPY_PHASE_STRIP = NO;
				DEBUG_INFORMATION_FORMAT = "dwarf-with-dsym";
				ENABLE_NS_ASSERTIONS = NO;
				ENABLE_STRICT_OBJC_MSGSEND = YES;
				GCC_C_LANGUAGE_STANDARD = gnu99;
				GCC_NO_COMMON_BLOCKS = YES;
				GCC_WARN_64_TO_32_BIT_CONVERSION = YES;
				GCC_WARN_ABOUT_RETURN_TYPE = YES_ERROR;
				GCC_WARN_UNDECLARED_SELECTOR = YES;
				GCC_WARN_UNINITIALIZED_AUTOS = YES_AGGRESSIVE;
				GCC_WARN_UNUSED_FUNCTION = YES;
				GCC_WARN_UNUSED_VARIABLE = YES;
				IPHONEOS_DEPLOYMENT_TARGET = 10.3;
				MTL_ENABLE_DEBUG_INFO = NO;
				SDKROOT = iphoneos;
				TARGETED_DEVICE_FAMILY = "1,2";
				VALIDATE_PRODUCT = YES;
			};
			name = Release;
		};
		31144AB91ED31E1300508F83 /* Debug */ = {
			isa = XCBuildConfiguration;
			baseConfigurationReference = 5D49A56C318F973C43E5D93D /* Pods-Test_weather.debug.xcconfig */;
			buildSettings = {
				ASSETCATALOG_COMPILER_APPICON_NAME = AppIcon;
				GCC_PREFIX_HEADER = "$(SRCROOT)/Test_weather/PrefixHeader.pch";
				INFOPLIST_FILE = Test_weather/Info.plist;
				LD_RUNPATH_SEARCH_PATHS = "$(inherited) @executable_path/Frameworks";
				PRODUCT_BUNDLE_IDENTIFIER = "AM.Test-weather";
				PRODUCT_NAME = "$(TARGET_NAME)";
			};
			name = Debug;
		};
		31144ABA1ED31E1300508F83 /* Release */ = {
			isa = XCBuildConfiguration;
			baseConfigurationReference = 36D62551C4CB08BF3E1EA053 /* Pods-Test_weather.release.xcconfig */;
			buildSettings = {
				ASSETCATALOG_COMPILER_APPICON_NAME = AppIcon;
				GCC_PREFIX_HEADER = "$(SRCROOT)/Test_weather/PrefixHeader.pch";
				INFOPLIST_FILE = Test_weather/Info.plist;
				LD_RUNPATH_SEARCH_PATHS = "$(inherited) @executable_path/Frameworks";
				PRODUCT_BUNDLE_IDENTIFIER = "AM.Test-weather";
				PRODUCT_NAME = "$(TARGET_NAME)";
			};
			name = Release;
		};
/* End XCBuildConfiguration section */

/* Begin XCConfigurationList section */
		31144A991ED31E1300508F83 /* Build configuration list for PBXProject "Test_weather" */ = {
			isa = XCConfigurationList;
			buildConfigurations = (
				31144AB61ED31E1300508F83 /* Debug */,
				31144AB71ED31E1300508F83 /* Release */,
			);
			defaultConfigurationIsVisible = 0;
			defaultConfigurationName = Release;
		};
		31144AB81ED31E1300508F83 /* Build configuration list for PBXNativeTarget "Test_weather" */ = {
			isa = XCConfigurationList;
			buildConfigurations = (
				31144AB91ED31E1300508F83 /* Debug */,
				31144ABA1ED31E1300508F83 /* Release */,
			);
			defaultConfigurationIsVisible = 0;
			defaultConfigurationName = Release;
		};
/* End XCConfigurationList section */

/* Begin XCVersionGroup section */
		31144AAD1ED31E1300508F83 /* Test_weather.xcdatamodeld */ = {
			isa = XCVersionGroup;
			children = (
				31144AAE1ED31E1300508F83 /* Test_weather.xcdatamodel */,
			);
			currentVersion = 31144AAE1ED31E1300508F83 /* Test_weather.xcdatamodel */;
			path = Test_weather.xcdatamodeld;
			sourceTree = "<group>";
			versionGroupType = wrapper.xcdatamodel;
		};
/* End XCVersionGroup section */
	};
	rootObject = 31144A961ED31E1300508F83 /* Project object */;
}
